
Microsoft Visual Studio Solution File, Format Version 12.00
# Visual Studio Version 17
VisualStudioVersion = 17.0.31903.59
MinimumVisualStudioVersion = 10.0.40219.1
Project("{FAE04EC0-301F-11D3-BF4B-00C04F79EFBC}") = "CoursesApi.IntegrationTests", "CoursesApi.IntegrationTests\CoursesApi.IntegrationTests.csproj", "{23317F4D-35F5-4954-8144-24E71D707ABD}"
EndProject
Project("{FAE04EC0-301F-11D3-BF4B-00C04F79EFBC}") = "CoursesApi.UnitTests", "CoursesApi.UnitTests\CoursesApi.UnitTests.csproj", "{5EEA2CC9-45DE-412E-8CC4-E99F54257CCF}"
EndProject
Project("{FAE04EC0-301F-11D3-BF4B-00C04F79EFBC}") = "CoursesApi", "CoursesApi\CoursesApi.csproj", "{2E44991A-9F59-41D7-93E1-4D0C66033BF2}"
EndProject
Global
	GlobalSection(SolutionConfigurationPlatforms) = preSolution
		Debug|Any CPU = Debug|Any CPU
		Release|Any CPU = Release|Any CPU
	EndGlobalSection
	GlobalSection(SolutionProperties) = preSolution
		HideSolutionNode = FALSE
	EndGlobalSection
	GlobalSection(ProjectConfigurationPlatforms) = postSolution
		{23317F4D-35F5-4954-8144-24E71D707ABD}.Debug|Any CPU.ActiveCfg = Debug|Any CPU
		{23317F4D-35F5-4954-8144-24E71D707ABD}.Debug|Any CPU.Build.0 = Debug|Any CPU
		{23317F4D-35F5-4954-8144-24E71D707ABD}.Release|Any CPU.ActiveCfg = Release|Any CPU
		{23317F4D-35F5-4954-8144-24E71D707ABD}.Release|Any CPU.Build.0 = Release|Any CPU
		{5EEA2CC9-45DE-412E-8CC4-E99F54257CCF}.Debug|Any CPU.ActiveCfg = Debug|Any CPU
		{5EEA2CC9-45DE-412E-8CC4-E99F54257CCF}.Debug|Any CPU.Build.0 = Debug|Any CPU
		{5EEA2CC9-45DE-412E-8CC4-E99F54257CCF}.Release|Any CPU.ActiveCfg = Release|Any CPU
		{5EEA2CC9-45DE-412E-8CC4-E99F54257CCF}.Release|Any CPU.Build.0 = Release|Any CPU
		{2E44991A-9F59-41D7-93E1-4D0C66033BF2}.Debug|Any CPU.ActiveCfg = Debug|Any CPU
		{2E44991A-9F59-41D7-93E1-4D0C66033BF2}.Debug|Any CPU.Build.0 = Debug|Any CPU
		{2E44991A-9F59-41D7-93E1-4D0C66033BF2}.Release|Any CPU.ActiveCfg = Release|Any CPU
		{2E44991A-9F59-41D7-93E1-4D0C66033BF2}.Release|Any CPU.Build.0 = Release|Any CPU
	EndGlobalSection
EndGlobal
